{
    "_readme": [
        "This file locks the dependencies of your project to a known state",
        "Read more about it at https://getcomposer.org/doc/01-basic-usage.md#composer-lock-the-lock-file",
        "This file is @generated automatically"
    ],
    "hash": "6954da0d6411bbcdcd169882c93f3c9c",
    "content-hash": "85cbf0c740279df68ef933a9124db3eb",
    "packages": [
        {
            "name": "amphp/amp",
            "version": "v1.2.1",
            "source": {
                "type": "git",
                "url": "https://github.com/amphp/amp.git",
                "reference": "87a5f29ab4248efe1e15823c3aabd707f767912e"
            },
            "dist": {
                "type": "zip",
                "url": "https://api.github.com/repos/amphp/amp/zipball/87a5f29ab4248efe1e15823c3aabd707f767912e",
                "reference": "87a5f29ab4248efe1e15823c3aabd707f767912e",
                "shasum": ""
            },
            "require": {
                "php": ">=5.5"
            },
            "require-dev": {
                "fabpot/php-cs-fixer": "~1.9",
                "phpunit/phpunit": "~4.8"
            },
            "type": "library",
            "extra": {
                "branch-alias": {
                    "dev-master": "1.0.x-dev"
                }
            },
            "autoload": {
                "psr-4": {
                    "Amp\\": "lib/"
                },
                "files": [
                    "lib/functions.php"
                ]
            },
            "notification-url": "https://packagist.org/downloads/",
            "license": [
                "MIT"
            ],
            "authors": [
                {
                    "name": "Daniel Lowrey",
                    "email": "rdlowrey@php.net",
                    "role": "Creator / Lead Developer"
                }
            ],
            "description": "A non-blocking concurrency framework for PHP applications",
            "homepage": "https://github.com/amphp/amp",
            "keywords": [
                "async",
                "concurrency",
                "event",
                "non-blocking",
                "promise"
            ],
            "time": "2016-05-12 05:51:11"
        },
        {
            "name": "async-interop/event-loop",
            "version": "dev-master",
            "source": {
                "type": "git",
                "url": "https://github.com/async-interop/event-loop.git",
                "reference": "4b3a8411b3e116077e7733af743f859a3352b071"
            },
            "dist": {
                "type": "zip",
                "url": "https://api.github.com/repos/async-interop/event-loop/zipball/4b3a8411b3e116077e7733af743f859a3352b071",
                "reference": "4b3a8411b3e116077e7733af743f859a3352b071",
                "shasum": ""
            },
            "require": {
                "php": ">=5.3.0"
            },
            "type": "library",
            "autoload": {
                "psr-4": {
                    "Interop\\Async\\EventLoop\\": "src/"
                }
            },
            "license": [
                "MIT"
            ],
            "description": "An event loop interface",
            "keywords": [
                "async",
                "event",
                "interop",
                "loop"
            ],
            "support": {
                "source": "https://github.com/async-interop/event-loop/tree/master",
                "issues": "https://github.com/async-interop/event-loop/issues"
            },
            "time": "2016-05-12 11:52:45"
        }
    ],
    "packages-dev": [],
    "aliases": [
        {
            "alias": "1.0.0",
            "alias_normalized": "1.0.0.0",
            "version": "9999999-dev",
            "package": "async-interop/event-loop"
        }
    ],
    "minimum-stability": "stable",
    "stability-flags": {
        "async-interop/event-loop": 20
    },
    "prefer-stable": false,
    "prefer-lowest": false,
    "platform": [],
    "platform-dev": []
}
